{
  "name": "online-mall-cake",
  "lockfileVersion": 2,
  "requires": true,
  "packages": {
    "": {
      "dependencies": {
        "axios": "^0.24.0",
        "mock": "^0.1.1",
        "nprogress": "^0.2.0",
        "swiper": "^5.4.5",
        "vant": "^3.3.7"
      }
    },
    "node_modules/@babel/parser": {
      "version": "7.16.6",
      "resolved": "https://registry.npmjs.org/@babel/parser/-/parser-7.16.6.tgz",
      "integrity": "sha512-Gr86ujcNuPDnNOY8mi383Hvi8IYrJVJYuf3XcuBM/Dgd+bINn/7tHqsj+tKkoreMbmGsFLsltI/JJd8fOFWGDQ==",
      "peer": true,
      "bin": {
        "parser": "bin/babel-parser.js"
      },
      "engines": {
        "node": ">=6.0.0"
      }
    },
    "node_modules/@popperjs/core": {
      "version": "2.11.0",
      "resolved": "https://registry.npmjs.org/@popperjs/core/-/core-2.11.0.tgz",
      "integrity": "sha512-zrsUxjLOKAzdewIDRWy9nsV1GQsKBCWaGwsZQlCgr6/q+vjyZhFgqedLfFBuI9anTPEUT4APq9Mu0SZBTzIcGQ==",
      "funding": {
        "type": "opencollective",
        "url": "https://opencollective.com/popperjs"
      }
    },
    "node_modules/@vant/icons": {
      "version": "1.7.3",
      "resolved": "https://registry.npmjs.org/@vant/icons/-/icons-1.7.3.tgz",
      "integrity": "sha512-tW4EqzxN4kXw1rnlnQJQHofEifPbt/gECOWiibomht8QLyvoGuE4iUmDFS288dJ07ZjuTy0bhdABj0SENo2fmQ=="
    },
    "node_modules/@vant/popperjs": {
      "version": "1.1.0",
      "resolved": "https://registry.npmjs.org/@vant/popperjs/-/popperjs-1.1.0.tgz",
      "integrity": "sha512-8MD1gz146awV/uPxYjz4pet22f7a9YVKqk7T+gFkWFwT9mEcrIUEg/xPrdOnWKLP9puXyYtm7oVfSDSefZ/p/w==",
      "dependencies": {
        "@popperjs/core": "^2.9.2"
      }
    },
    "node_modules/@vant/use": {
      "version": "1.3.4",
      "resolved": "https://registry.npmjs.org/@vant/use/-/use-1.3.4.tgz",
      "integrity": "sha512-XvZkPCjcmEBhD+T3vB68thOG6P9jazld6aBTMenhbAQd4FT/x9AiKIWPJx4MvhYoSIWt7fju6K01XTJldWs1hw=="
    },
    "node_modules/@vue/compiler-core": {
      "version": "3.2.26",
      "resolved": "https://registry.npmjs.org/@vue/compiler-core/-/compiler-core-3.2.26.tgz",
      "integrity": "sha512-N5XNBobZbaASdzY9Lga2D9Lul5vdCIOXvUMd6ThcN8zgqQhPKfCV+wfAJNNJKQkSHudnYRO2gEB+lp0iN3g2Tw==",
      "peer": true,
      "dependencies": {
        "@babel/parser": "^7.16.4",
        "@vue/shared": "3.2.26",
        "estree-walker": "^2.0.2",
        "source-map": "^0.6.1"
      }
    },
    "node_modules/@vue/compiler-dom": {
      "version": "3.2.26",
      "resolved": "https://registry.npmjs.org/@vue/compiler-dom/-/compiler-dom-3.2.26.tgz",
      "integrity": "sha512-smBfaOW6mQDxcT3p9TKT6mE22vjxjJL50GFVJiI0chXYGU/xzC05QRGrW3HHVuJrmLTLx5zBhsZ2dIATERbarg==",
      "peer": true,
      "dependencies": {
        "@vue/compiler-core": "3.2.26",
        "@vue/shared": "3.2.26"
      }
    },
    "node_modules/@vue/compiler-sfc": {
      "version": "3.2.26",
      "resolved": "https://registry.npmjs.org/@vue/compiler-sfc/-/compiler-sfc-3.2.26.tgz",
      "integrity": "sha512-ePpnfktV90UcLdsDQUh2JdiTuhV0Skv2iYXxfNMOK/F3Q+2BO0AulcVcfoksOpTJGmhhfosWfMyEaEf0UaWpIw==",
      "peer": true,
      "dependencies": {
        "@babel/parser": "^7.16.4",
        "@vue/compiler-core": "3.2.26",
        "@vue/compiler-dom": "3.2.26",
        "@vue/compiler-ssr": "3.2.26",
        "@vue/reactivity-transform": "3.2.26",
        "@vue/shared": "3.2.26",
        "estree-walker": "^2.0.2",
        "magic-string": "^0.25.7",
        "postcss": "^8.1.10",
        "source-map": "^0.6.1"
      }
    },
    "node_modules/@vue/compiler-ssr": {
      "version": "3.2.26",
      "resolved": "https://registry.npmjs.org/@vue/compiler-ssr/-/compiler-ssr-3.2.26.tgz",
      "integrity": "sha512-2mywLX0ODc4Zn8qBoA2PDCsLEZfpUGZcyoFRLSOjyGGK6wDy2/5kyDOWtf0S0UvtoyVq95OTSGIALjZ4k2q/ag==",
      "peer": true,
      "dependencies": {
        "@vue/compiler-dom": "3.2.26",
        "@vue/shared": "3.2.26"
      }
    },
    "node_modules/@vue/reactivity": {
      "version": "3.2.26",
      "resolved": "https://registry.npmjs.org/@vue/reactivity/-/reactivity-3.2.26.tgz",
      "integrity": "sha512-h38bxCZLW6oFJVDlCcAiUKFnXI8xP8d+eO0pcDxx+7dQfSPje2AO6M9S9QO6MrxQB7fGP0DH0dYQ8ksf6hrXKQ==",
      "peer": true,
      "dependencies": {
        "@vue/shared": "3.2.26"
      }
    },
    "node_modules/@vue/reactivity-transform": {
      "version": "3.2.26",
      "resolved": "https://registry.npmjs.org/@vue/reactivity-transform/-/reactivity-transform-3.2.26.tgz",
      "integrity": "sha512-XKMyuCmzNA7nvFlYhdKwD78rcnmPb7q46uoR00zkX6yZrUmcCQ5OikiwUEVbvNhL5hBJuvbSO95jB5zkUon+eQ==",
      "peer": true,
      "dependencies": {
        "@babel/parser": "^7.16.4",
        "@vue/compiler-core": "3.2.26",
        "@vue/shared": "3.2.26",
        "estree-walker": "^2.0.2",
        "magic-string": "^0.25.7"
      }
    },
    "node_modules/@vue/runtime-core": {
      "version": "3.2.26",
      "resolved": "https://registry.npmjs.org/@vue/runtime-core/-/runtime-core-3.2.26.tgz",
      "integrity": "sha512-BcYi7qZ9Nn+CJDJrHQ6Zsmxei2hDW0L6AB4vPvUQGBm2fZyC0GXd/4nVbyA2ubmuhctD5RbYY8L+5GUJszv9mQ==",
      "peer": true,
      "dependencies": {
        "@vue/reactivity": "3.2.26",
        "@vue/shared": "3.2.26"
      }
    },
    "node_modules/@vue/runtime-dom": {
      "version": "3.2.26",
      "resolved": "https://registry.npmjs.org/@vue/runtime-dom/-/runtime-dom-3.2.26.tgz",
      "integrity": "sha512-dY56UIiZI+gjc4e8JQBwAifljyexfVCkIAu/WX8snh8vSOt/gMSEGwPRcl2UpYpBYeyExV8WCbgvwWRNt9cHhQ==",
      "peer": true,
      "dependencies": {
        "@vue/runtime-core": "3.2.26",
        "@vue/shared": "3.2.26",
        "csstype": "^2.6.8"
      }
    },
    "node_modules/@vue/server-renderer": {
      "version": "3.2.26",
      "resolved": "https://registry.npmjs.org/@vue/server-renderer/-/server-renderer-3.2.26.tgz",
      "integrity": "sha512-Jp5SggDUvvUYSBIvYEhy76t4nr1vapY/FIFloWmQzn7UxqaHrrBpbxrqPcTrSgGrcaglj0VBp22BKJNre4aA1w==",
      "peer": true,
      "dependencies": {
        "@vue/compiler-ssr": "3.2.26",
        "@vue/shared": "3.2.26"
      },
      "peerDependencies": {
        "vue": "3.2.26"
      }
    },
    "node_modules/@vue/shared": {
      "version": "3.2.26",
      "resolved": "https://registry.npmjs.org/@vue/shared/-/shared-3.2.26.tgz",
      "integrity": "sha512-vPV6Cq+NIWbH5pZu+V+2QHE9y1qfuTq49uNWw4f7FDEeZaDU2H2cx5jcUZOAKW7qTrUS4k6qZPbMy1x4N96nbA==",
      "peer": true
    },
    "node_modules/axios": {
      "version": "0.24.0",
      "resolved": "https://registry.npmmirror.com/axios/download/axios-0.24.0.tgz?cache=0&sync_timestamp=1635214106132&other_urls=https%3A%2F%2Fregistry.npmmirror.com%2Faxios%2Fdownload%2Faxios-0.24.0.tgz",
      "integrity": "sha1-gE5voeS5xSiFAd2d/1anoJQNINY=",
      "license": "MIT",
      "dependencies": {
        "follow-redirects": "^1.14.4"
      }
    },
    "node_modules/csstype": {
      "version": "2.6.19",
      "resolved": "https://registry.npmjs.org/csstype/-/csstype-2.6.19.tgz",
      "integrity": "sha512-ZVxXaNy28/k3kJg0Fou5MiYpp88j7H9hLZp8PDC3jV0WFjfH5E9xHb56L0W59cPbKbcHXeP4qyT8PrHp8t6LcQ==",
      "peer": true
    },
    "node_modules/dom7": {
      "version": "2.1.5",
      "resolved": "https://registry.npmmirror.com/dom7/download/dom7-2.1.5.tgz",
      "integrity": "sha1-p5QRAXgAsx2EAAcM2uu/ySwfY3c=",
      "dependencies": {
        "ssr-window": "^2.0.0"
      }
    },
    "node_modules/estree-walker": {
      "version": "2.0.2",
      "resolved": "https://registry.npmjs.org/estree-walker/-/estree-walker-2.0.2.tgz",
      "integrity": "sha512-Rfkk/Mp/DL7JVje3u18FxFujQlTNR2q6QfMSMB7AvCBx91NGj/ba3kCfza0f6dVDbw7YlRf/nDrn7pQrCCyQ/w==",
      "peer": true
    },
    "node_modules/follow-redirects": {
      "version": "1.14.6",
      "resolved": "https://registry.npmmirror.com/follow-redirects/download/follow-redirects-1.14.6.tgz",
      "integrity": "sha512-fhUl5EwSJbbl8AR+uYL2KQDxLkdSjZGR36xy46AO7cOMTrCMON6Sa28FmAnC2tRTDbd/Uuzz3aJBv7EBN7JH8A==",
      "funding": [
        {
          "type": "individual",
          "url": "https://github.com/sponsors/RubenVerborgh"
        }
      ],
      "engines": {
        "node": ">=4.0"
      },
      "peerDependenciesMeta": {
        "debug": {
          "optional": true
        }
      }
    },
    "node_modules/magic-string": {
      "version": "0.25.7",
      "resolved": "https://registry.npmjs.org/magic-string/-/magic-string-0.25.7.tgz",
      "integrity": "sha512-4CrMT5DOHTDk4HYDlzmwu4FVCcIYI8gauveasrdCu2IKIFOJ3f0v/8MDGJCDL9oD2ppz/Av1b0Nj345H9M+XIA==",
      "peer": true,
      "dependencies": {
        "sourcemap-codec": "^1.4.4"
      }
    },
    "node_modules/mock": {
      "version": "0.1.1",
      "resolved": "https://registry.npmmirror.com/mock/download/mock-0.1.1.tgz",
      "integrity": "sha1-5+NYnH5rM3bWn1o+RwtWYEQXxjM="
    },
    "node_modules/nanoid": {
      "version": "3.1.30",
      "resolved": "https://registry.npmjs.org/nanoid/-/nanoid-3.1.30.tgz",
      "integrity": "sha512-zJpuPDwOv8D2zq2WRoMe1HsfZthVewpel9CAvTfc/2mBD1uUT/agc5f7GHGWXlYkFvi1mVxe4IjvP2HNrop7nQ==",
      "peer": true,
      "bin": {
        "nanoid": "bin/nanoid.cjs"
      },
      "engines": {
        "node": "^10 || ^12 || ^13.7 || ^14 || >=15.0.1"
      }
    },
    "node_modules/nprogress": {
      "version": "0.2.0",
      "resolved": "https://registry.npmmirror.com/nprogress/download/nprogress-0.2.0.tgz",
      "integrity": "sha1-y480xTIT2JVyP8urkH6UIq28r7E="
    },
    "node_modules/picocolors": {
      "version": "1.0.0",
      "resolved": "https://registry.npmjs.org/picocolors/-/picocolors-1.0.0.tgz",
      "integrity": "sha512-1fygroTLlHu66zi26VoTDv8yRgm0Fccecssto+MhsZ0D/DGW2sm8E8AjW7NU5VVTRt5GxbeZ5qBuJr+HyLYkjQ==",
      "peer": true
    },
    "node_modules/postcss": {
      "version": "8.4.5",
      "resolved": "https://registry.npmjs.org/postcss/-/postcss-8.4.5.tgz",
      "integrity": "sha512-jBDboWM8qpaqwkMwItqTQTiFikhs/67OYVvblFFTM7MrZjt6yMKd6r2kgXizEbTTljacm4NldIlZnhbjr84QYg==",
      "peer": true,
      "dependencies": {
        "nanoid": "^3.1.30",
        "picocolors": "^1.0.0",
        "source-map-js": "^1.0.1"
      },
      "engines": {
        "node": "^10 || ^12 || >=14"
      },
      "funding": {
        "type": "opencollective",
        "url": "https://opencollective.com/postcss/"
      }
    },
    "node_modules/source-map": {
      "version": "0.6.1",
      "resolved": "https://registry.npmjs.org/source-map/-/source-map-0.6.1.tgz",
      "integrity": "sha512-UjgapumWlbMhkBgzT7Ykc5YXUT46F0iKu8SGXq0bcwP5dz/h0Plj6enJqjz1Zbq2l5WaqYnrVbwWOWMyF3F47g==",
      "peer": true,
      "engines": {
        "node": ">=0.10.0"
      }
    },
    "node_modules/source-map-js": {
      "version": "1.0.1",
      "resolved": "https://registry.npmjs.org/source-map-js/-/source-map-js-1.0.1.tgz",
      "integrity": "sha512-4+TN2b3tqOCd/kaGRJ/sTYA0tR0mdXx26ipdolxcwtJVqEnqNYvlCAt1q3ypy4QMlYus+Zh34RNtYLoq2oQ4IA==",
      "peer": true,
      "engines": {
        "node": ">=0.10.0"
      }
    },
    "node_modules/sourcemap-codec": {
      "version": "1.4.8",
      "resolved": "https://registry.npmjs.org/sourcemap-codec/-/sourcemap-codec-1.4.8.tgz",
      "integrity": "sha512-9NykojV5Uih4lgo5So5dtw+f0JgJX30KCNI8gwhz2J9A15wD0Ml6tjHKwf6fTSa6fAdVBdZeNOs9eJ71qCk8vA==",
      "peer": true
    },
    "node_modules/ssr-window": {
      "version": "2.0.0",
      "resolved": "https://registry.npmmirror.com/ssr-window/download/ssr-window-2.0.0.tgz",
      "integrity": "sha1-mMMBrvmVIzF/jWlhjwAQeRCW78Q="
    },
    "node_modules/swiper": {
      "version": "5.4.5",
      "resolved": "https://registry.npmmirror.com/swiper/download/swiper-5.4.5.tgz",
      "integrity": "sha1-o1D2VL9oQm27ZReTgkklUS0iPA8=",
      "hasInstallScript": true,
      "dependencies": {
        "dom7": "^2.1.5",
        "ssr-window": "^2.0.0"
      },
      "engines": {
        "node": ">= 4.7.0"
      }
    },
    "node_modules/vant": {
      "version": "3.3.7",
      "resolved": "https://registry.npmjs.org/vant/-/vant-3.3.7.tgz",
      "integrity": "sha512-xDNqdBvBAELwkkC4QqzXvcqQJMCP6l0faYDH0aU1dfkIm7Muc+7gqyHMVhPKPFcDGBP33ilZd0Vg2+JoIQWitw==",
      "dependencies": {
        "@vant/icons": "^1.7.1",
        "@vant/popperjs": "^1.1.0",
        "@vant/use": "^1.3.4"
      },
      "peerDependencies": {
        "vue": "^3.0.0"
      }
    },
    "node_modules/vue": {
      "version": "3.2.26",
      "resolved": "https://registry.npmjs.org/vue/-/vue-3.2.26.tgz",
      "integrity": "sha512-KD4lULmskL5cCsEkfhERVRIOEDrfEL9CwAsLYpzptOGjaGFNWo3BQ9g8MAb7RaIO71rmVOziZ/uEN/rHwcUIhg==",
      "peer": true,
      "dependencies": {
        "@vue/compiler-dom": "3.2.26",
        "@vue/compiler-sfc": "3.2.26",
        "@vue/runtime-dom": "3.2.26",
        "@vue/server-renderer": "3.2.26",
        "@vue/shared": "3.2.26"
      }
    }
  },
  "dependencies": {
    "@babel/parser": {
      "version": "7.16.6",
      "resolved": "https://registry.npmjs.org/@babel/parser/-/parser-7.16.6.tgz",
      "integrity": "sha512-Gr86ujcNuPDnNOY8mi383Hvi8IYrJVJYuf3XcuBM/Dgd+bINn/7tHqsj+tKkoreMbmGsFLsltI/JJd8fOFWGDQ==",
      "peer": true
    },
    "@popperjs/core": {
      "version": "2.11.0",
      "resolved": "https://registry.npmjs.org/@popperjs/core/-/core-2.11.0.tgz",
      "integrity": "sha512-zrsUxjLOKAzdewIDRWy9nsV1GQsKBCWaGwsZQlCgr6/q+vjyZhFgqedLfFBuI9anTPEUT4APq9Mu0SZBTzIcGQ=="
    },
    "@vant/icons": {
      "version": "1.7.3",
      "resolved": "https://registry.npmjs.org/@vant/icons/-/icons-1.7.3.tgz",
      "integrity": "sha512-tW4EqzxN4kXw1rnlnQJQHofEifPbt/gECOWiibomht8QLyvoGuE4iUmDFS288dJ07ZjuTy0bhdABj0SENo2fmQ=="
    },
    "@vant/popperjs": {
      "version": "1.1.0",
      "resolved": "https://registry.npmjs.org/@vant/popperjs/-/popperjs-1.1.0.tgz",
      "integrity": "sha512-8MD1gz146awV/uPxYjz4pet22f7a9YVKqk7T+gFkWFwT9mEcrIUEg/xPrdOnWKLP9puXyYtm7oVfSDSefZ/p/w==",
      "requires": {
        "@popperjs/core": "^2.9.2"
      }
    },
    "@vant/use": {
      "version": "1.3.4",
      "resolved": "https://registry.npmjs.org/@vant/use/-/use-1.3.4.tgz",
      "integrity": "sha512-XvZkPCjcmEBhD+T3vB68thOG6P9jazld6aBTMenhbAQd4FT/x9AiKIWPJx4MvhYoSIWt7fju6K01XTJldWs1hw=="
    },
    "@vue/compiler-core": {
      "version": "3.2.26",
      "resolved": "https://registry.npmjs.org/@vue/compiler-core/-/compiler-core-3.2.26.tgz",
      "integrity": "sha512-N5XNBobZbaASdzY9Lga2D9Lul5vdCIOXvUMd6ThcN8zgqQhPKfCV+wfAJNNJKQkSHudnYRO2gEB+lp0iN3g2Tw==",
      "peer": true,
      "requires": {
        "@babel/parser": "^7.16.4",
        "@vue/shared": "3.2.26",
        "estree-walker": "^2.0.2",
        "source-map": "^0.6.1"
      }
    },
    "@vue/compiler-dom": {
      "version": "3.2.26",
      "resolved": "https://registry.npmjs.org/@vue/compiler-dom/-/compiler-dom-3.2.26.tgz",
      "integrity": "sha512-smBfaOW6mQDxcT3p9TKT6mE22vjxjJL50GFVJiI0chXYGU/xzC05QRGrW3HHVuJrmLTLx5zBhsZ2dIATERbarg==",
      "peer": true,
      "requires": {
        "@vue/compiler-core": "3.2.26",
        "@vue/shared": "3.2.26"
      }
    },
    "@vue/compiler-sfc": {
      "version": "3.2.26",
      "resolved": "https://registry.npmjs.org/@vue/compiler-sfc/-/compiler-sfc-3.2.26.tgz",
      "integrity": "sha512-ePpnfktV90UcLdsDQUh2JdiTuhV0Skv2iYXxfNMOK/F3Q+2BO0AulcVcfoksOpTJGmhhfosWfMyEaEf0UaWpIw==",
      "peer": true,
      "requires": {
        "@babel/parser": "^7.16.4",
        "@vue/compiler-core": "3.2.26",
        "@vue/compiler-dom": "3.2.26",
        "@vue/compiler-ssr": "3.2.26",
        "@vue/reactivity-transform": "3.2.26",
        "@vue/shared": "3.2.26",
        "estree-walker": "^2.0.2",
        "magic-string": "^0.25.7",
        "postcss": "^8.1.10",
        "source-map": "^0.6.1"
      }
    },
    "@vue/compiler-ssr": {
      "version": "3.2.26",
      "resolved": "https://registry.npmjs.org/@vue/compiler-ssr/-/compiler-ssr-3.2.26.tgz",
      "integrity": "sha512-2mywLX0ODc4Zn8qBoA2PDCsLEZfpUGZcyoFRLSOjyGGK6wDy2/5kyDOWtf0S0UvtoyVq95OTSGIALjZ4k2q/ag==",
      "peer": true,
      "requires": {
        "@vue/compiler-dom": "3.2.26",
        "@vue/shared": "3.2.26"
      }
    },
    "@vue/reactivity": {
      "version": "3.2.26",
      "resolved": "https://registry.npmjs.org/@vue/reactivity/-/reactivity-3.2.26.tgz",
      "integrity": "sha512-h38bxCZLW6oFJVDlCcAiUKFnXI8xP8d+eO0pcDxx+7dQfSPje2AO6M9S9QO6MrxQB7fGP0DH0dYQ8ksf6hrXKQ==",
      "peer": true,
      "requires": {
        "@vue/shared": "3.2.26"
      }
    },
    "@vue/reactivity-transform": {
      "version": "3.2.26",
      "resolved": "https://registry.npmjs.org/@vue/reactivity-transform/-/reactivity-transform-3.2.26.tgz",
      "integrity": "sha512-XKMyuCmzNA7nvFlYhdKwD78rcnmPb7q46uoR00zkX6yZrUmcCQ5OikiwUEVbvNhL5hBJuvbSO95jB5zkUon+eQ==",
      "peer": true,
      "requires": {
        "@babel/parser": "^7.16.4",
        "@vue/compiler-core": "3.2.26",
        "@vue/shared": "3.2.26",
        "estree-walker": "^2.0.2",
        "magic-string": "^0.25.7"
      }
    },
    "@vue/runtime-core": {
      "version": "3.2.26",
      "resolved": "https://registry.npmjs.org/@vue/runtime-core/-/runtime-core-3.2.26.tgz",
      "integrity": "sha512-BcYi7qZ9Nn+CJDJrHQ6Zsmxei2hDW0L6AB4vPvUQGBm2fZyC0GXd/4nVbyA2ubmuhctD5RbYY8L+5GUJszv9mQ==",
      "peer": true,
      "requires": {
        "@vue/reactivity": "3.2.26",
        "@vue/shared": "3.2.26"
      }
    },
    "@vue/runtime-dom": {
      "version": "3.2.26",
      "resolved": "https://registry.npmjs.org/@vue/runtime-dom/-/runtime-dom-3.2.26.tgz",
      "integrity": "sha512-dY56UIiZI+gjc4e8JQBwAifljyexfVCkIAu/WX8snh8vSOt/gMSEGwPRcl2UpYpBYeyExV8WCbgvwWRNt9cHhQ==",
      "peer": true,
      "requires": {
        "@vue/runtime-core": "3.2.26",
        "@vue/shared": "3.2.26",
        "csstype": "^2.6.8"
      }
    },
    "@vue/server-renderer": {
      "version": "3.2.26",
      "resolved": "https://registry.npmjs.org/@vue/server-renderer/-/server-renderer-3.2.26.tgz",
      "integrity": "sha512-Jp5SggDUvvUYSBIvYEhy76t4nr1vapY/FIFloWmQzn7UxqaHrrBpbxrqPcTrSgGrcaglj0VBp22BKJNre4aA1w==",
      "peer": true,
      "requires": {
        "@vue/compiler-ssr": "3.2.26",
        "@vue/shared": "3.2.26"
      }
    },
    "@vue/shared": {
      "version": "3.2.26",
      "resolved": "https://registry.npmjs.org/@vue/shared/-/shared-3.2.26.tgz",
      "integrity": "sha512-vPV6Cq+NIWbH5pZu+V+2QHE9y1qfuTq49uNWw4f7FDEeZaDU2H2cx5jcUZOAKW7qTrUS4k6qZPbMy1x4N96nbA==",
      "peer": true
    },
    "axios": {
      "version": "0.24.0",
      "resolved": "https://registry.npmmirror.com/axios/download/axios-0.24.0.tgz?cache=0&sync_timestamp=1635214106132&other_urls=https%3A%2F%2Fregistry.npmmirror.com%2Faxios%2Fdownload%2Faxios-0.24.0.tgz",
      "integrity": "sha1-gE5voeS5xSiFAd2d/1anoJQNINY=",
      "requires": {
        "follow-redirects": "^1.14.4"
      }
    },
    "csstype": {
      "version": "2.6.19",
      "resolved": "https://registry.npmjs.org/csstype/-/csstype-2.6.19.tgz",
      "integrity": "sha512-ZVxXaNy28/k3kJg0Fou5MiYpp88j7H9hLZp8PDC3jV0WFjfH5E9xHb56L0W59cPbKbcHXeP4qyT8PrHp8t6LcQ==",
      "peer": true
    },
    "dom7": {
      "version": "2.1.5",
      "resolved": "https://registry.npmmirror.com/dom7/download/dom7-2.1.5.tgz",
      "integrity": "sha1-p5QRAXgAsx2EAAcM2uu/ySwfY3c=",
      "requires": {
        "ssr-window": "^2.0.0"
      }
    },
    "estree-walker": {
      "version": "2.0.2",
      "resolved": "https://registry.npmjs.org/estree-walker/-/estree-walker-2.0.2.tgz",
      "integrity": "sha512-Rfkk/Mp/DL7JVje3u18FxFujQlTNR2q6QfMSMB7AvCBx91NGj/ba3kCfza0f6dVDbw7YlRf/nDrn7pQrCCyQ/w==",
      "peer": true
    },
    "follow-redirects": {
      "version": "1.14.6",
      "resolved": "https://registry.npmmirror.com/follow-redirects/download/follow-redirects-1.14.6.tgz",
      "integrity": "sha512-fhUl5EwSJbbl8AR+uYL2KQDxLkdSjZGR36xy46AO7cOMTrCMON6Sa28FmAnC2tRTDbd/Uuzz3aJBv7EBN7JH8A=="
    },
    "magic-string": {
      "version": "0.25.7",
      "resolved": "https://registry.npmjs.org/magic-string/-/magic-string-0.25.7.tgz",
      "integrity": "sha512-4CrMT5DOHTDk4HYDlzmwu4FVCcIYI8gauveasrdCu2IKIFOJ3f0v/8MDGJCDL9oD2ppz/Av1b0Nj345H9M+XIA==",
      "peer": true,
      "requires": {
        "sourcemap-codec": "^1.4.4"
      }
    },
    "mock": {
      "version": "0.1.1",
      "resolved": "https://registry.npmmirror.com/mock/download/mock-0.1.1.tgz",
      "integrity": "sha1-5+NYnH5rM3bWn1o+RwtWYEQXxjM="
    },
    "nanoid": {
      "version": "3.1.30",
      "resolved": "https://registry.npmjs.org/nanoid/-/nanoid-3.1.30.tgz",
      "integrity": "sha512-zJpuPDwOv8D2zq2WRoMe1HsfZthVewpel9CAvTfc/2mBD1uUT/agc5f7GHGWXlYkFvi1mVxe4IjvP2HNrop7nQ==",
      "peer": true
    },
    "nprogress": {
      "version": "0.2.0",
      "resolved": "https://registry.npmmirror.com/nprogress/download/nprogress-0.2.0.tgz",
      "integrity": "sha1-y480xTIT2JVyP8urkH6UIq28r7E="
    },
    "picocolors": {
      "version": "1.0.0",
      "resolved": "https://registry.npmjs.org/picocolors/-/picocolors-1.0.0.tgz",
      "integrity": "sha512-1fygroTLlHu66zi26VoTDv8yRgm0Fccecssto+MhsZ0D/DGW2sm8E8AjW7NU5VVTRt5GxbeZ5qBuJr+HyLYkjQ==",
      "peer": true
    },
    "postcss": {
      "version": "8.4.5",
      "resolved": "https://registry.npmjs.org/postcss/-/postcss-8.4.5.tgz",
      "integrity": "sha512-jBDboWM8qpaqwkMwItqTQTiFikhs/67OYVvblFFTM7MrZjt6yMKd6r2kgXizEbTTljacm4NldIlZnhbjr84QYg==",
      "peer": true,
      "requires": {
        "nanoid": "^3.1.30",
        "picocolors": "^1.0.0",
        "source-map-js": "^1.0.1"
      }
    },
    "source-map": {
      "version": "0.6.1",
      "resolved": "https://registry.npmjs.org/source-map/-/source-map-0.6.1.tgz",
      "integrity": "sha512-UjgapumWlbMhkBgzT7Ykc5YXUT46F0iKu8SGXq0bcwP5dz/h0Plj6enJqjz1Zbq2l5WaqYnrVbwWOWMyF3F47g==",
      "peer": true
    },
    "source-map-js": {
      "version": "1.0.1",
      "resolved": "https://registry.npmjs.org/source-map-js/-/source-map-js-1.0.1.tgz",
      "integrity": "sha512-4+TN2b3tqOCd/kaGRJ/sTYA0tR0mdXx26ipdolxcwtJVqEnqNYvlCAt1q3ypy4QMlYus+Zh34RNtYLoq2oQ4IA==",
      "peer": true
    },
    "sourcemap-codec": {
      "version": "1.4.8",
      "resolved": "https://registry.npmjs.org/sourcemap-codec/-/sourcemap-codec-1.4.8.tgz",
      "integrity": "sha512-9NykojV5Uih4lgo5So5dtw+f0JgJX30KCNI8gwhz2J9A15wD0Ml6tjHKwf6fTSa6fAdVBdZeNOs9eJ71qCk8vA==",
      "peer": true
    },
    "ssr-window": {
      "version": "2.0.0",
      "resolved": "https://registry.npmmirror.com/ssr-window/download/ssr-window-2.0.0.tgz",
      "integrity": "sha1-mMMBrvmVIzF/jWlhjwAQeRCW78Q="
    },
    "swiper": {
      "version": "5.4.5",
      "resolved": "https://registry.npmmirror.com/swiper/download/swiper-5.4.5.tgz",
      "integrity": "sha1-o1D2VL9oQm27ZReTgkklUS0iPA8=",
      "requires": {
        "dom7": "^2.1.5",
        "ssr-window": "^2.0.0"
      }
    },
    "vant": {
      "version": "3.3.7",
      "resolved": "https://registry.npmjs.org/vant/-/vant-3.3.7.tgz",
      "integrity": "sha512-xDNqdBvBAELwkkC4QqzXvcqQJMCP6l0faYDH0aU1dfkIm7Muc+7gqyHMVhPKPFcDGBP33ilZd0Vg2+JoIQWitw==",
      "requires": {
        "@vant/icons": "^1.7.1",
        "@vant/popperjs": "^1.1.0",
        "@vant/use": "^1.3.4"
      }
    },
    "vue": {
      "version": "3.2.26",
      "resolved": "https://registry.npmjs.org/vue/-/vue-3.2.26.tgz",
      "integrity": "sha512-KD4lULmskL5cCsEkfhERVRIOEDrfEL9CwAsLYpzptOGjaGFNWo3BQ9g8MAb7RaIO71rmVOziZ/uEN/rHwcUIhg==",
      "peer": true,
      "requires": {
        "@vue/compiler-dom": "3.2.26",
        "@vue/compiler-sfc": "3.2.26",
        "@vue/runtime-dom": "3.2.26",
        "@vue/server-renderer": "3.2.26",
        "@vue/shared": "3.2.26"
      }
    }
  }
}
