{
  "name": "online-mall-cake",
  "lockfileVersion": 2,
  "requires": true,
  "packages": {
    "": {
      "dependencies": {
        "axios": "^0.24.0",
        "mock": "^0.1.1",
        "nprogress": "^0.2.0",
        "swiper": "^5.4.5"
      }
    },
    "node_modules/axios": {
      "version": "0.24.0",
      "resolved": "https://registry.npmmirror.com/axios/download/axios-0.24.0.tgz?cache=0&sync_timestamp=1635214106132&other_urls=https%3A%2F%2Fregistry.npmmirror.com%2Faxios%2Fdownload%2Faxios-0.24.0.tgz",
      "integrity": "sha1-gE5voeS5xSiFAd2d/1anoJQNINY=",
      "license": "MIT",
      "dependencies": {
        "follow-redirects": "^1.14.4"
      }
    },
    "node_modules/dom7": {
      "version": "2.1.5",
      "resolved": "https://registry.npmmirror.com/dom7/download/dom7-2.1.5.tgz",
      "integrity": "sha1-p5QRAXgAsx2EAAcM2uu/ySwfY3c=",
      "dependencies": {
        "ssr-window": "^2.0.0"
      }
    },
    "node_modules/follow-redirects": {
      "version": "1.14.6",
      "resolved": "https://registry.npmmirror.com/follow-redirects/download/follow-redirects-1.14.6.tgz",
      "integrity": "sha512-fhUl5EwSJbbl8AR+uYL2KQDxLkdSjZGR36xy46AO7cOMTrCMON6Sa28FmAnC2tRTDbd/Uuzz3aJBv7EBN7JH8A==",
      "funding": [
        {
          "type": "individual",
          "url": "https://github.com/sponsors/RubenVerborgh"
        }
      ],
      "engines": {
        "node": ">=4.0"
      },
      "peerDependenciesMeta": {
        "debug": {
          "optional": true
        }
      }
    },
    "node_modules/mock": {
      "version": "0.1.1",
      "resolved": "https://registry.npmmirror.com/mock/download/mock-0.1.1.tgz",
      "integrity": "sha1-5+NYnH5rM3bWn1o+RwtWYEQXxjM="
    },
    "node_modules/nprogress": {
      "version": "0.2.0",
      "resolved": "https://registry.npmmirror.com/nprogress/download/nprogress-0.2.0.tgz",
      "integrity": "sha1-y480xTIT2JVyP8urkH6UIq28r7E="
    },
    "node_modules/ssr-window": {
      "version": "2.0.0",
      "resolved": "https://registry.npmmirror.com/ssr-window/download/ssr-window-2.0.0.tgz",
      "integrity": "sha1-mMMBrvmVIzF/jWlhjwAQeRCW78Q="
    },
    "node_modules/swiper": {
      "version": "5.4.5",
      "resolved": "https://registry.npmmirror.com/swiper/download/swiper-5.4.5.tgz",
      "integrity": "sha1-o1D2VL9oQm27ZReTgkklUS0iPA8=",
      "hasInstallScript": true,
      "dependencies": {
        "dom7": "^2.1.5",
        "ssr-window": "^2.0.0"
      },
      "engines": {
        "node": ">= 4.7.0"
      }
    }
  },
  "dependencies": {
    "axios": {
      "version": "0.24.0",
      "resolved": "https://registry.npmmirror.com/axios/download/axios-0.24.0.tgz?cache=0&sync_timestamp=1635214106132&other_urls=https%3A%2F%2Fregistry.npmmirror.com%2Faxios%2Fdownload%2Faxios-0.24.0.tgz",
      "integrity": "sha1-gE5voeS5xSiFAd2d/1anoJQNINY=",
      "requires": {
        "follow-redirects": "^1.14.4"
      }
    },
    "dom7": {
      "version": "2.1.5",
      "resolved": "https://registry.npmmirror.com/dom7/download/dom7-2.1.5.tgz",
      "integrity": "sha1-p5QRAXgAsx2EAAcM2uu/ySwfY3c=",
      "requires": {
        "ssr-window": "^2.0.0"
      }
    },
    "follow-redirects": {
      "version": "1.14.6",
      "resolved": "https://registry.npmmirror.com/follow-redirects/download/follow-redirects-1.14.6.tgz",
      "integrity": "sha512-fhUl5EwSJbbl8AR+uYL2KQDxLkdSjZGR36xy46AO7cOMTrCMON6Sa28FmAnC2tRTDbd/Uuzz3aJBv7EBN7JH8A=="
    },
    "mock": {
      "version": "0.1.1",
      "resolved": "https://registry.npmmirror.com/mock/download/mock-0.1.1.tgz",
      "integrity": "sha1-5+NYnH5rM3bWn1o+RwtWYEQXxjM="
    },
    "nprogress": {
      "version": "0.2.0",
      "resolved": "https://registry.npmmirror.com/nprogress/download/nprogress-0.2.0.tgz",
      "integrity": "sha1-y480xTIT2JVyP8urkH6UIq28r7E="
    },
    "ssr-window": {
      "version": "2.0.0",
      "resolved": "https://registry.npmmirror.com/ssr-window/download/ssr-window-2.0.0.tgz",
      "integrity": "sha1-mMMBrvmVIzF/jWlhjwAQeRCW78Q="
    },
    "swiper": {
      "version": "5.4.5",
      "resolved": "https://registry.npmmirror.com/swiper/download/swiper-5.4.5.tgz",
      "integrity": "sha1-o1D2VL9oQm27ZReTgkklUS0iPA8=",
      "requires": {
        "dom7": "^2.1.5",
        "ssr-window": "^2.0.0"
      }
    }
  }
}
